# THIS IS AN AUTOGENERATED FILE. DO NOT EDIT THIS FILE DIRECTLY.
assets/custom.css:
  development: 2018-04-05T21:52:02-07:00   68b329da9893e34099c7d8ad5cb9c940
assets/theme.scss:
  development: 2018-04-05T21:15:54-07:00   83a50bc4262a1445d3e2579ed3a48b93
assets/theme.scss.liquid:
  development: 2018-04-05T23:39:21-07:00   9ff580a9091df43e3414905e44942fc7
layout/theme.liquid:
  development: 2018-04-05T21:26:41-07:00   20cad1b13c05c073eee44fcb126bf18f
sections/footer.liquid:
  development: 2018-03-07T06:11:35-08:00   3440d88069abaa5d98948e49ea3daa90
sections/header.liquid:
  development: 2018-04-06T00:10:11-07:00   29abe41df97b2ff453e74a1837794fa2
