# THIS IS AN AUTOGENERATED FILE. DO NOT EDIT THIS FILE DIRECTLY.
assets/custom.css:
  development: 2018-04-10T00:49:48-07:00   841409ac3e1325a4b7f0f94e70f2c428
assets/custom.css.map:
  development: 2018-04-10T00:49:48-07:00   a335f5cb2bc46a174d541c3901da70b8
assets/sass:
  development: 2018-04-10T00:44:14-07:00
assets/theme.scss:
  development: 2018-04-10T00:20:29-07:00   9a040dae5f03c21ef498234d81995c52
assets/theme.scss.liquid:
  development: 2018-04-10T00:29:30-07:00   36c3b5bff7df5c69556eff329580dd5f
layout/theme-without-spurit_uev.liquid:
  development: 2018-04-09T23:21:07-07:00   8e2e09a4502675e66f7aa53a62ddb353
layout/theme.liquid:
  development: 2018-04-10T00:07:39-07:00   20cad1b13c05c073eee44fcb126bf18f
sections/footer.liquid:
  development: 2018-03-07T06:11:35-08:00   3440d88069abaa5d98948e49ea3daa90
sections/header.liquid:
  development: 2018-04-06T00:10:11-07:00   29abe41df97b2ff453e74a1837794fa2
